<?xml version="1.0" encoding="utf-8"?>
<Project ToolsVersion="4.0" xmlns="http://schemas.microsoft.com/developer/msbuild/2003">
  <ItemGroup>
    <ClCompile Include="Src\main.cpp" />
    <ClCompile Include="Src\Tests.cpp" />
    <ClCompile Include="Src\Search.cpp" />
  </ItemGroup>
  <ItemGroup>
    <Text Include="Static\Input1k.txt" />
    <Text Include="Static\Input10k.txt" />
    <Text Include="Static\Input100k.txt" />
    <Text Include="Static\TestIn.txt" />
  </ItemGroup>
  <ItemGroup>
    <ClInclude Include="Src\Stract.h" />
    <ClInclude Include="Src\Tests.h" />
    <ClInclude Include="Src\Search.h" />
  </ItemGroup>
</Project>